
Microsoft Visual Studio Solution File, Format Version 12.00
# Visual Studio Version 16
VisualStudioVersion = 16.0.30611.23
MinimumVisualStudioVersion = 10.0.40219.1
Project("{FAE04EC0-301F-11D3-BF4B-00C04F79EFBC}") = "UWP_Case", "UWP_Case\UWP_Case.csproj", "{EF591A3A-2EC5-4FE4-BA7B-590CEA6E82EC}"
	ProjectSection(ProjectDependencies) = postProject
		{0CD76EC8-5E58-48F9-96CD-13C1BF9A18B0} = {0CD76EC8-5E58-48F9-96CD-13C1BF9A18B0}
	EndProjectSection
EndProject
Project("{FAE04EC0-301F-11D3-BF4B-00C04F79EFBC}") = "Library_UWP", "Library_UWP\Library_UWP.csproj", "{0CD76EC8-5E58-48F9-96CD-13C1BF9A18B0}"
EndProject
Project("{9A19103F-16F7-4668-BE54-9A1E7A4F7556}") = "Library_NETCORE", "Library_NETCORE\Library_NETCORE.csproj", "{58A2C254-5413-41A8-83ED-07BBD178A50E}"
EndProject
Project("{FAE04EC0-301F-11D3-BF4B-00C04F79EFBC}") = "ConsoleNETCORE", "ConsoleNETCORE\ConsoleNETCORE.csproj", "{40C6A68F-1025-49D1-8E94-038A35E7CC51}"
EndProject
Global
	GlobalSection(SolutionConfigurationPlatforms) = preSolution
		Debug|Any CPU = Debug|Any CPU
		Debug|ARM = Debug|ARM
		Debug|ARM64 = Debug|ARM64
		Debug|x64 = Debug|x64
		Debug|x86 = Debug|x86
		Release|Any CPU = Release|Any CPU
		Release|ARM = Release|ARM
		Release|ARM64 = Release|ARM64
		Release|x64 = Release|x64
		Release|x86 = Release|x86
	EndGlobalSection
	GlobalSection(ProjectConfigurationPlatforms) = postSolution
		{EF591A3A-2EC5-4FE4-BA7B-590CEA6E82EC}.Debug|Any CPU.ActiveCfg = Debug|x86
		{EF591A3A-2EC5-4FE4-BA7B-590CEA6E82EC}.Debug|ARM.ActiveCfg = Debug|ARM
		{EF591A3A-2EC5-4FE4-BA7B-590CEA6E82EC}.Debug|ARM.Build.0 = Debug|ARM
		{EF591A3A-2EC5-4FE4-BA7B-590CEA6E82EC}.Debug|ARM.Deploy.0 = Debug|ARM
		{EF591A3A-2EC5-4FE4-BA7B-590CEA6E82EC}.Debug|ARM64.ActiveCfg = Debug|ARM64
		{EF591A3A-2EC5-4FE4-BA7B-590CEA6E82EC}.Debug|ARM64.Build.0 = Debug|ARM64
		{EF591A3A-2EC5-4FE4-BA7B-590CEA6E82EC}.Debug|ARM64.Deploy.0 = Debug|ARM64
		{EF591A3A-2EC5-4FE4-BA7B-590CEA6E82EC}.Debug|x64.ActiveCfg = Debug|x64
		{EF591A3A-2EC5-4FE4-BA7B-590CEA6E82EC}.Debug|x64.Build.0 = Debug|x64
		{EF591A3A-2EC5-4FE4-BA7B-590CEA6E82EC}.Debug|x64.Deploy.0 = Debug|x64
		{EF591A3A-2EC5-4FE4-BA7B-590CEA6E82EC}.Debug|x86.ActiveCfg = Debug|x86
		{EF591A3A-2EC5-4FE4-BA7B-590CEA6E82EC}.Debug|x86.Build.0 = Debug|x86
		{EF591A3A-2EC5-4FE4-BA7B-590CEA6E82EC}.Debug|x86.Deploy.0 = Debug|x86
		{EF591A3A-2EC5-4FE4-BA7B-590CEA6E82EC}.Release|Any CPU.ActiveCfg = Release|x86
		{EF591A3A-2EC5-4FE4-BA7B-590CEA6E82EC}.Release|ARM.ActiveCfg = Release|ARM
		{EF591A3A-2EC5-4FE4-BA7B-590CEA6E82EC}.Release|ARM.Build.0 = Release|ARM
		{EF591A3A-2EC5-4FE4-BA7B-590CEA6E82EC}.Release|ARM.Deploy.0 = Release|ARM
		{EF591A3A-2EC5-4FE4-BA7B-590CEA6E82EC}.Release|ARM64.ActiveCfg = Release|ARM64
		{EF591A3A-2EC5-4FE4-BA7B-590CEA6E82EC}.Release|ARM64.Build.0 = Release|ARM64
		{EF591A3A-2EC5-4FE4-BA7B-590CEA6E82EC}.Release|ARM64.Deploy.0 = Release|ARM64
		{EF591A3A-2EC5-4FE4-BA7B-590CEA6E82EC}.Release|x64.ActiveCfg = Release|x64
		{EF591A3A-2EC5-4FE4-BA7B-590CEA6E82EC}.Release|x64.Build.0 = Release|x64
		{EF591A3A-2EC5-4FE4-BA7B-590CEA6E82EC}.Release|x64.Deploy.0 = Release|x64
		{EF591A3A-2EC5-4FE4-BA7B-590CEA6E82EC}.Release|x86.ActiveCfg = Release|x86
		{EF591A3A-2EC5-4FE4-BA7B-590CEA6E82EC}.Release|x86.Build.0 = Release|x86
		{EF591A3A-2EC5-4FE4-BA7B-590CEA6E82EC}.Release|x86.Deploy.0 = Release|x86
		{0CD76EC8-5E58-48F9-96CD-13C1BF9A18B0}.Debug|Any CPU.ActiveCfg = Debug|Any CPU
		{0CD76EC8-5E58-48F9-96CD-13C1BF9A18B0}.Debug|Any CPU.Build.0 = Debug|Any CPU
		{0CD76EC8-5E58-48F9-96CD-13C1BF9A18B0}.Debug|ARM.ActiveCfg = Debug|ARM
		{0CD76EC8-5E58-48F9-96CD-13C1BF9A18B0}.Debug|ARM.Build.0 = Debug|ARM
		{0CD76EC8-5E58-48F9-96CD-13C1BF9A18B0}.Debug|ARM64.ActiveCfg = Debug|ARM64
		{0CD76EC8-5E58-48F9-96CD-13C1BF9A18B0}.Debug|ARM64.Build.0 = Debug|ARM64
		{0CD76EC8-5E58-48F9-96CD-13C1BF9A18B0}.Debug|x64.ActiveCfg = Debug|x64
		{0CD76EC8-5E58-48F9-96CD-13C1BF9A18B0}.Debug|x64.Build.0 = Debug|x64
		{0CD76EC8-5E58-48F9-96CD-13C1BF9A18B0}.Debug|x86.ActiveCfg = Debug|x86
		{0CD76EC8-5E58-48F9-96CD-13C1BF9A18B0}.Debug|x86.Build.0 = Debug|x86
		{0CD76EC8-5E58-48F9-96CD-13C1BF9A18B0}.Release|Any CPU.ActiveCfg = Release|Any CPU
		{0CD76EC8-5E58-48F9-96CD-13C1BF9A18B0}.Release|Any CPU.Build.0 = Release|Any CPU
		{0CD76EC8-5E58-48F9-96CD-13C1BF9A18B0}.Release|ARM.ActiveCfg = Release|ARM
		{0CD76EC8-5E58-48F9-96CD-13C1BF9A18B0}.Release|ARM.Build.0 = Release|ARM
		{0CD76EC8-5E58-48F9-96CD-13C1BF9A18B0}.Release|ARM64.ActiveCfg = Release|ARM64
		{0CD76EC8-5E58-48F9-96CD-13C1BF9A18B0}.Release|ARM64.Build.0 = Release|ARM64
		{0CD76EC8-5E58-48F9-96CD-13C1BF9A18B0}.Release|x64.ActiveCfg = Release|x64
		{0CD76EC8-5E58-48F9-96CD-13C1BF9A18B0}.Release|x64.Build.0 = Release|x64
		{0CD76EC8-5E58-48F9-96CD-13C1BF9A18B0}.Release|x86.ActiveCfg = Release|x86
		{0CD76EC8-5E58-48F9-96CD-13C1BF9A18B0}.Release|x86.Build.0 = Release|x86
		{58A2C254-5413-41A8-83ED-07BBD178A50E}.Debug|Any CPU.ActiveCfg = Debug|Any CPU
		{58A2C254-5413-41A8-83ED-07BBD178A50E}.Debug|Any CPU.Build.0 = Debug|Any CPU
		{58A2C254-5413-41A8-83ED-07BBD178A50E}.Debug|ARM.ActiveCfg = Debug|Any CPU
		{58A2C254-5413-41A8-83ED-07BBD178A50E}.Debug|ARM.Build.0 = Debug|Any CPU
		{58A2C254-5413-41A8-83ED-07BBD178A50E}.Debug|ARM64.ActiveCfg = Debug|Any CPU
		{58A2C254-5413-41A8-83ED-07BBD178A50E}.Debug|ARM64.Build.0 = Debug|Any CPU
		{58A2C254-5413-41A8-83ED-07BBD178A50E}.Debug|x64.ActiveCfg = Debug|Any CPU
		{58A2C254-5413-41A8-83ED-07BBD178A50E}.Debug|x64.Build.0 = Debug|Any CPU
		{58A2C254-5413-41A8-83ED-07BBD178A50E}.Debug|x86.ActiveCfg = Debug|Any CPU
		{58A2C254-5413-41A8-83ED-07BBD178A50E}.Debug|x86.Build.0 = Debug|Any CPU
		{58A2C254-5413-41A8-83ED-07BBD178A50E}.Release|Any CPU.ActiveCfg = Release|Any CPU
		{58A2C254-5413-41A8-83ED-07BBD178A50E}.Release|Any CPU.Build.0 = Release|Any CPU
		{58A2C254-5413-41A8-83ED-07BBD178A50E}.Release|ARM.ActiveCfg = Release|Any CPU
		{58A2C254-5413-41A8-83ED-07BBD178A50E}.Release|ARM.Build.0 = Release|Any CPU
		{58A2C254-5413-41A8-83ED-07BBD178A50E}.Release|ARM64.ActiveCfg = Release|Any CPU
		{58A2C254-5413-41A8-83ED-07BBD178A50E}.Release|ARM64.Build.0 = Release|Any CPU
		{58A2C254-5413-41A8-83ED-07BBD178A50E}.Release|x64.ActiveCfg = Release|Any CPU
		{58A2C254-5413-41A8-83ED-07BBD178A50E}.Release|x64.Build.0 = Release|Any CPU
		{58A2C254-5413-41A8-83ED-07BBD178A50E}.Release|x86.ActiveCfg = Release|Any CPU
		{58A2C254-5413-41A8-83ED-07BBD178A50E}.Release|x86.Build.0 = Release|Any CPU
		{40C6A68F-1025-49D1-8E94-038A35E7CC51}.Debug|Any CPU.ActiveCfg = Debug|Any CPU
		{40C6A68F-1025-49D1-8E94-038A35E7CC51}.Debug|Any CPU.Build.0 = Debug|Any CPU
		{40C6A68F-1025-49D1-8E94-038A35E7CC51}.Debug|ARM.ActiveCfg = Debug|Any CPU
		{40C6A68F-1025-49D1-8E94-038A35E7CC51}.Debug|ARM.Build.0 = Debug|Any CPU
		{40C6A68F-1025-49D1-8E94-038A35E7CC51}.Debug|ARM64.ActiveCfg = Debug|Any CPU
		{40C6A68F-1025-49D1-8E94-038A35E7CC51}.Debug|ARM64.Build.0 = Debug|Any CPU
		{40C6A68F-1025-49D1-8E94-038A35E7CC51}.Debug|x64.ActiveCfg = Debug|Any CPU
		{40C6A68F-1025-49D1-8E94-038A35E7CC51}.Debug|x64.Build.0 = Debug|Any CPU
		{40C6A68F-1025-49D1-8E94-038A35E7CC51}.Debug|x86.ActiveCfg = Debug|Any CPU
		{40C6A68F-1025-49D1-8E94-038A35E7CC51}.Debug|x86.Build.0 = Debug|Any CPU
		{40C6A68F-1025-49D1-8E94-038A35E7CC51}.Release|Any CPU.ActiveCfg = Release|Any CPU
		{40C6A68F-1025-49D1-8E94-038A35E7CC51}.Release|Any CPU.Build.0 = Release|Any CPU
		{40C6A68F-1025-49D1-8E94-038A35E7CC51}.Release|ARM.ActiveCfg = Release|Any CPU
		{40C6A68F-1025-49D1-8E94-038A35E7CC51}.Release|ARM.Build.0 = Release|Any CPU
		{40C6A68F-1025-49D1-8E94-038A35E7CC51}.Release|ARM64.ActiveCfg = Release|Any CPU
		{40C6A68F-1025-49D1-8E94-038A35E7CC51}.Release|ARM64.Build.0 = Release|Any CPU
		{40C6A68F-1025-49D1-8E94-038A35E7CC51}.Release|x64.ActiveCfg = Release|Any CPU
		{40C6A68F-1025-49D1-8E94-038A35E7CC51}.Release|x64.Build.0 = Release|Any CPU
		{40C6A68F-1025-49D1-8E94-038A35E7CC51}.Release|x86.ActiveCfg = Release|Any CPU
		{40C6A68F-1025-49D1-8E94-038A35E7CC51}.Release|x86.Build.0 = Release|Any CPU
	EndGlobalSection
	GlobalSection(SolutionProperties) = preSolution
		HideSolutionNode = FALSE
	EndGlobalSection
	GlobalSection(ExtensibilityGlobals) = postSolution
		SolutionGuid = {BD11A2AC-7CFA-4495-8074-0F0D66732E09}
	EndGlobalSection
EndGlobal
